
Microsoft Visual Studio Solution File, Format Version 12.00
Project("{FAE04EC0-301F-11D3-BF4B-00C04F79EFBC}") = "SoundPad", "SoundPad\SoundPad.csproj", "{9BEDC97B-7042-4254-BA44-2FB09F97D4ED}"
EndProject
Global
	GlobalSection(SolutionConfigurationPlatforms) = preSolution
		Debug|Any CPU = Debug|Any CPU
		Release|Any CPU = Release|Any CPU
	EndGlobalSection
	GlobalSection(ProjectConfigurationPlatforms) = postSolution
		{9BEDC97B-7042-4254-BA44-2FB09F97D4ED}.Debug|Any CPU.ActiveCfg = Debug|Any CPU
		{9BEDC97B-7042-4254-BA44-2FB09F97D4ED}.Debug|Any CPU.Build.0 = Debug|Any CPU
		{9BEDC97B-7042-4254-BA44-2FB09F97D4ED}.Release|Any CPU.ActiveCfg = Release|Any CPU
		{9BEDC97B-7042-4254-BA44-2FB09F97D4ED}.Release|Any CPU.Build.0 = Release|Any CPU
	EndGlobalSection
EndGlobal
